
Microsoft Visual Studio Solution File, Format Version 12.00
# Visual Studio Version 16
VisualStudioVersion = 16.0.31702.278
MinimumVisualStudioVersion = 10.0.40219.1
Project("{8BC9CEB8-8B4A-11D0-8D11-00A0C91BC942}") = "ReprojectionPointCalculator", "ReprojectionPointCalculator\ReprojectionPointCalculator.vcxproj", "{E6B49B39-8FF5-4F83-904C-F4A962D75728}"
EndProject
Project("{8BC9CEB8-8B4A-11D0-8D11-00A0C91BC942}") = "Artifact", "Artifact\Artifact.vcxproj", "{D1EB4845-D030-4C4B-84FB-F89CD438FC4D}"
EndProject
Global
	GlobalSection(SolutionConfigurationPlatforms) = preSolution
		Debug|x64 = Debug|x64
		Debug|x86 = Debug|x86
		Release|x64 = Release|x64
		Release|x86 = Release|x86
	EndGlobalSection
	GlobalSection(ProjectConfigurationPlatforms) = postSolution
		{E6B49B39-8FF5-4F83-904C-F4A962D75728}.Debug|x64.ActiveCfg = Debug|x64
		{E6B49B39-8FF5-4F83-904C-F4A962D75728}.Debug|x64.Build.0 = Debug|x64
		{E6B49B39-8FF5-4F83-904C-F4A962D75728}.Debug|x86.ActiveCfg = Debug|Win32
		{E6B49B39-8FF5-4F83-904C-F4A962D75728}.Debug|x86.Build.0 = Debug|Win32
		{E6B49B39-8FF5-4F83-904C-F4A962D75728}.Release|x64.ActiveCfg = Release|x64
		{E6B49B39-8FF5-4F83-904C-F4A962D75728}.Release|x64.Build.0 = Release|x64
		{E6B49B39-8FF5-4F83-904C-F4A962D75728}.Release|x86.ActiveCfg = Release|Win32
		{E6B49B39-8FF5-4F83-904C-F4A962D75728}.Release|x86.Build.0 = Release|Win32
		{D1EB4845-D030-4C4B-84FB-F89CD438FC4D}.Debug|x64.ActiveCfg = Debug|x64
		{D1EB4845-D030-4C4B-84FB-F89CD438FC4D}.Debug|x64.Build.0 = Debug|x64
		{D1EB4845-D030-4C4B-84FB-F89CD438FC4D}.Debug|x86.ActiveCfg = Debug|Win32
		{D1EB4845-D030-4C4B-84FB-F89CD438FC4D}.Debug|x86.Build.0 = Debug|Win32
		{D1EB4845-D030-4C4B-84FB-F89CD438FC4D}.Release|x64.ActiveCfg = Release|x64
		{D1EB4845-D030-4C4B-84FB-F89CD438FC4D}.Release|x64.Build.0 = Release|x64
		{D1EB4845-D030-4C4B-84FB-F89CD438FC4D}.Release|x86.ActiveCfg = Release|Win32
		{D1EB4845-D030-4C4B-84FB-F89CD438FC4D}.Release|x86.Build.0 = Release|Win32
	EndGlobalSection
	GlobalSection(SolutionProperties) = preSolution
		HideSolutionNode = FALSE
	EndGlobalSection
	GlobalSection(ExtensibilityGlobals) = postSolution
		SolutionGuid = {4EB2659A-4605-4490-A2F8-E58BA0FDA123}
	EndGlobalSection
EndGlobal
